<?xml version="1.0" encoding="UTF-8" standalone="yes" ?>
<CodeBlocks_project_file>
	<FileVersion major="1" minor="6" />
	<Project>
		<Option title="car" />
		<Option pch_mode="2" />
		<Option compiler="gcc" />
		<Build>
			<Target title="DebugDoubleLib">
				<Option output="car.exe" prefix_auto="0" extension_auto="0" />
				<Option object_output="obj" />
				<Option type="1" />
				<Option compiler="gcc" />
				<Compiler>
					<Add option="-g" />
					<Add option="-D_CRT_SECURE_NO_DEPRECATE" />
					<Add option="-DWIN32" />
					<Add option="-DdDOUBLE" />
					<Add directory="C:/dev/ode-0.13/include" />
					<Add directory="C:/dev/ode-0.13/ode/src" />
					<Add directory="include" />
				</Compiler>
				<ResourceCompiler>
					<Add directory="C:/dev/ode-0.13/include" />
					<Add directory="C:/dev/ode-0.13/ode/src" />
					<Add directory="C:/dev/ode-0.13/drawstuff/src" />
				</ResourceCompiler>
				<Linker>
					<Add library="ode_doubled" />
					<Add library="drawstuffd" />
					<Add library="user32" />
					<Add library="winmm" />
					<Add library="gdi32" />
					<Add library="opengl32" />
					<Add library="glu32" />
					<Add directory="C:/dev/ode-0.13/lib/DebugDoubleLib" />
				</Linker>
			</Target>
		</Build>
		<Unit filename="../../../../../../dev/ode-0.13/drawstuff/src/resources.rc">
			<Option compilerVar="WINDRES" />
		</Unit>
		<Unit filename="main.cpp" />
		<Extensions>
			<code_completion />
			<debugger />
			<envvars />
		</Extensions>
	</Project>
</CodeBlocks_project_file>
